
Microsoft Visual Studio Solution File, Format Version 11.00
# Visual Studio 2010
Project("{FAE04EC0-301F-11D3-BF4B-00C04F79EFBC}") = "Taskie", "Taskie\Taskie.csproj", "{D42BE362-FC98-4D49-A39B-F6D4083AC45C}"
EndProject
Project("{FAE04EC0-301F-11D3-BF4B-00C04F79EFBC}") = "Taskie.UnitTests", "Taskie.UnitTests\Taskie.UnitTests.csproj", "{8BA94794-FABC-4644-AE03-73D438B7DE00}"
EndProject
Global
	GlobalSection(SolutionConfigurationPlatforms) = preSolution
		Debug|Any CPU = Debug|Any CPU
		Debug|Mixed Platforms = Debug|Mixed Platforms
		Debug|x86 = Debug|x86
		Release|Any CPU = Release|Any CPU
		Release|Mixed Platforms = Release|Mixed Platforms
		Release|x86 = Release|x86
	EndGlobalSection
	GlobalSection(ProjectConfigurationPlatforms) = postSolution
		{D42BE362-FC98-4D49-A39B-F6D4083AC45C}.Debug|Any CPU.ActiveCfg = Debug|Any CPU
		{D42BE362-FC98-4D49-A39B-F6D4083AC45C}.Debug|Any CPU.Build.0 = Debug|Any CPU
		{D42BE362-FC98-4D49-A39B-F6D4083AC45C}.Debug|Mixed Platforms.ActiveCfg = Debug|Any CPU
		{D42BE362-FC98-4D49-A39B-F6D4083AC45C}.Debug|Mixed Platforms.Build.0 = Debug|Any CPU
		{D42BE362-FC98-4D49-A39B-F6D4083AC45C}.Debug|x86.ActiveCfg = Debug|Any CPU
		{D42BE362-FC98-4D49-A39B-F6D4083AC45C}.Release|Any CPU.ActiveCfg = Release|Any CPU
		{D42BE362-FC98-4D49-A39B-F6D4083AC45C}.Release|Any CPU.Build.0 = Release|Any CPU
		{D42BE362-FC98-4D49-A39B-F6D4083AC45C}.Release|Mixed Platforms.ActiveCfg = Release|Any CPU
		{D42BE362-FC98-4D49-A39B-F6D4083AC45C}.Release|Mixed Platforms.Build.0 = Release|Any CPU
		{D42BE362-FC98-4D49-A39B-F6D4083AC45C}.Release|x86.ActiveCfg = Release|Any CPU
		{8BA94794-FABC-4644-AE03-73D438B7DE00}.Debug|Any CPU.ActiveCfg = Debug|Any CPU
		{8BA94794-FABC-4644-AE03-73D438B7DE00}.Debug|Any CPU.Build.0 = Debug|Any CPU
		{8BA94794-FABC-4644-AE03-73D438B7DE00}.Debug|Mixed Platforms.ActiveCfg = Debug|Any CPU
		{8BA94794-FABC-4644-AE03-73D438B7DE00}.Debug|Mixed Platforms.Build.0 = Debug|Any CPU
		{8BA94794-FABC-4644-AE03-73D438B7DE00}.Debug|x86.ActiveCfg = Debug|Any CPU
		{8BA94794-FABC-4644-AE03-73D438B7DE00}.Release|Any CPU.ActiveCfg = Release|Any CPU
		{8BA94794-FABC-4644-AE03-73D438B7DE00}.Release|Any CPU.Build.0 = Release|Any CPU
		{8BA94794-FABC-4644-AE03-73D438B7DE00}.Release|Mixed Platforms.ActiveCfg = Release|Any CPU
		{8BA94794-FABC-4644-AE03-73D438B7DE00}.Release|Mixed Platforms.Build.0 = Release|Any CPU
		{8BA94794-FABC-4644-AE03-73D438B7DE00}.Release|x86.ActiveCfg = Release|Any CPU
	EndGlobalSection
	GlobalSection(SolutionProperties) = preSolution
		HideSolutionNode = FALSE
	EndGlobalSection
EndGlobal
